
Microsoft Visual Studio Solution File, Format Version 12.00
# Visual Studio 15
VisualStudioVersion = 15.0.27703.2035
MinimumVisualStudioVersion = 10.0.40219.1
Project("{FAE04EC0-301F-11D3-BF4B-00C04F79EFBC}") = "TwilioProject", "TwilioProject\TwilioProject.csproj", "{395B73DC-A350-4A82-9884-21E5F98063C2}"
EndProject
Global
	GlobalSection(SolutionConfigurationPlatforms) = preSolution
		Debug|Any CPU = Debug|Any CPU
		Release|Any CPU = Release|Any CPU
	EndGlobalSection
	GlobalSection(ProjectConfigurationPlatforms) = postSolution
		{395B73DC-A350-4A82-9884-21E5F98063C2}.Debug|Any CPU.ActiveCfg = Debug|Any CPU
		{395B73DC-A350-4A82-9884-21E5F98063C2}.Debug|Any CPU.Build.0 = Debug|Any CPU
		{395B73DC-A350-4A82-9884-21E5F98063C2}.Release|Any CPU.ActiveCfg = Release|Any CPU
		{395B73DC-A350-4A82-9884-21E5F98063C2}.Release|Any CPU.Build.0 = Release|Any CPU
	EndGlobalSection
	GlobalSection(SolutionProperties) = preSolution
		HideSolutionNode = FALSE
	EndGlobalSection
	GlobalSection(ExtensibilityGlobals) = postSolution
		SolutionGuid = {BEE7D983-DBA9-439E-8D53-023B7D8A6CD2}
	EndGlobalSection
EndGlobal
